
Microsoft Visual Studio Solution File, Format Version 12.00
# Visual Studio 2012
Project("{FAE04EC0-301F-11D3-BF4B-00C04F79EFBC}") = "SIGN.WEB", "SIGN.WEB\SIGN.WEB.csproj", "{B0C255A8-30CA-4FC5-8A05-E14727F2515C}"
EndProject
Global
	GlobalSection(SolutionConfigurationPlatforms) = preSolution
		Debug|Any CPU = Debug|Any CPU
		Release|Any CPU = Release|Any CPU
	EndGlobalSection
	GlobalSection(ProjectConfigurationPlatforms) = postSolution
		{B0C255A8-30CA-4FC5-8A05-E14727F2515C}.Debug|Any CPU.ActiveCfg = Debug|Any CPU
		{B0C255A8-30CA-4FC5-8A05-E14727F2515C}.Debug|Any CPU.Build.0 = Debug|Any CPU
		{B0C255A8-30CA-4FC5-8A05-E14727F2515C}.Release|Any CPU.ActiveCfg = Release|Any CPU
		{B0C255A8-30CA-4FC5-8A05-E14727F2515C}.Release|Any CPU.Build.0 = Release|Any CPU
	EndGlobalSection
	GlobalSection(SolutionProperties) = preSolution
		HideSolutionNode = FALSE
	EndGlobalSection
EndGlobal
